
Microsoft Visual Studio Solution File, Format Version 12.00
# Visual Studio 15
VisualStudioVersion = 15.0.28010.2036
MinimumVisualStudioVersion = 10.0.40219.1
Project("{8BC9CEB8-8B4A-11D0-8D11-00A0C91BC942}") = "GitHubFirstProgect", "GitHubFirstProgect\GitHubFirstProgect.vcxproj", "{4C6E1F55-B754-4E75-946E-976486A9F660}"
EndProject
Global
	GlobalSection(SolutionConfigurationPlatforms) = preSolution
		Debug|x64 = Debug|x64
		Debug|x86 = Debug|x86
		Release|x64 = Release|x64
		Release|x86 = Release|x86
	EndGlobalSection
	GlobalSection(ProjectConfigurationPlatforms) = postSolution
		{4C6E1F55-B754-4E75-946E-976486A9F660}.Debug|x64.ActiveCfg = Debug|x64
		{4C6E1F55-B754-4E75-946E-976486A9F660}.Debug|x64.Build.0 = Debug|x64
		{4C6E1F55-B754-4E75-946E-976486A9F660}.Debug|x86.ActiveCfg = Debug|Win32
		{4C6E1F55-B754-4E75-946E-976486A9F660}.Debug|x86.Build.0 = Debug|Win32
		{4C6E1F55-B754-4E75-946E-976486A9F660}.Release|x64.ActiveCfg = Release|x64
		{4C6E1F55-B754-4E75-946E-976486A9F660}.Release|x64.Build.0 = Release|x64
		{4C6E1F55-B754-4E75-946E-976486A9F660}.Release|x86.ActiveCfg = Release|Win32
		{4C6E1F55-B754-4E75-946E-976486A9F660}.Release|x86.Build.0 = Release|Win32
	EndGlobalSection
	GlobalSection(SolutionProperties) = preSolution
		HideSolutionNode = FALSE
	EndGlobalSection
	GlobalSection(ExtensibilityGlobals) = postSolution
		SolutionGuid = {736C3761-E219-45F5-BD43-C1902FB526AB}
	EndGlobalSection
EndGlobal
